// !$*UTF8*$!
{
	archiveVersion = 1;
	classes = {
	};
	objectVersion = 51;
	objects = {

/* Begin PBXBuildFile section */
		8B57C6F926F1D9EE000BBB6F /* UIButton+Image.swift in Sources */ = {isa = PBXBuildFile; fileRef = 8B57C6F826F1D9EE000BBB6F /* UIButton+Image.swift */; };
		921CF3DA39855BD16734E2BA /* Pods_SilentMoon.framework in Frameworks */ = {isa = PBXBuildFile; fileRef = 76C1575DAAAB962EF53113AE /* Pods_SilentMoon.framework */; };
		B2028F5326F847BB008A3B30 /* WelcomeSleepStoryboard.storyboard in Resources */ = {isa = PBXBuildFile; fileRef = B2028F5226F847BB008A3B30 /* WelcomeSleepStoryboard.storyboard */; };
		B2028F5726F8C820008A3B30 /* WelcomeViewController.swift in Sources */ = {isa = PBXBuildFile; fileRef = B2028F5626F8C820008A3B30 /* WelcomeViewController.swift */; };
		B2028F6926F8CF9D008A3B30 /* WelcomeStoryboard.storyboard in Resources */ = {isa = PBXBuildFile; fileRef = B2028F6826F8CF9D008A3B30 /* WelcomeStoryboard.storyboard */; };
		B2028F6F26F8D2DE008A3B30 /* RemindersViewController.swift in Sources */ = {isa = PBXBuildFile; fileRef = B2028F6E26F8D2DE008A3B30 /* RemindersViewController.swift */; };
		B2028F7326F8D2F8008A3B30 /* RemindersStoryboard.storyboard in Resources */ = {isa = PBXBuildFile; fileRef = B2028F7226F8D2F8008A3B30 /* RemindersStoryboard.storyboard */; };
		B216E6DA26EE3B2000DDA9D5 /* R.generated.swift in Sources */ = {isa = PBXBuildFile; fileRef = B216E6D926EE3B2000DDA9D5 /* R.generated.swift */; };
		B24CC03B26F783B000CA0738 /* SignUpViewController.swift in Sources */ = {isa = PBXBuildFile; fileRef = B24CC03A26F783B000CA0738 /* SignUpViewController.swift */; };
		B24CC04026F785C600CA0738 /* WelcomeSleepViewController.swift in Sources */ = {isa = PBXBuildFile; fileRef = B24CC03F26F785C600CA0738 /* WelcomeSleepViewController.swift */; };
		B254D45F26EF940600C9CB82 /* SignInViewController.swift in Sources */ = {isa = PBXBuildFile; fileRef = B254D45E26EF940600C9CB82 /* SignInViewController.swift */; };
		B254D47826EFA46100C9CB82 /* CustomTextField.swift in Sources */ = {isa = PBXBuildFile; fileRef = B254D47726EFA46100C9CB82 /* CustomTextField.swift */; };
		B26C1B4626FE231F00D1EEAE /* SleepMusicViewController.swift in Sources */ = {isa = PBXBuildFile; fileRef = B26C1B4526FE231F00D1EEAE /* SleepMusicViewController.swift */; };
		B26C1B4926FE24D400D1EEAE /* SleepMusicCollectionViewCell.swift in Sources */ = {isa = PBXBuildFile; fileRef = B26C1B4826FE24D400D1EEAE /* SleepMusicCollectionViewCell.swift */; };
		B26C1B5626FE440A00D1EEAE /* TabBarCoordinator.swift in Sources */ = {isa = PBXBuildFile; fileRef = B26C1B5526FE440A00D1EEAE /* TabBarCoordinator.swift */; };
		B26C1B5A26FE446800D1EEAE /* CoordinatorProtocol.swift in Sources */ = {isa = PBXBuildFile; fileRef = B26C1B5926FE446800D1EEAE /* CoordinatorProtocol.swift */; };
		B26C1B5E26FE458800D1EEAE /* HomeViewController.swift in Sources */ = {isa = PBXBuildFile; fileRef = B26C1B5D26FE458800D1EEAE /* HomeViewController.swift */; };
		B26C1B6126FE45E600D1EEAE /* SleepViewController.swift in Sources */ = {isa = PBXBuildFile; fileRef = B26C1B6026FE45E600D1EEAE /* SleepViewController.swift */; };
		B26C1B6426FE461600D1EEAE /* MediateViewController.swift in Sources */ = {isa = PBXBuildFile; fileRef = B26C1B6326FE461600D1EEAE /* MediateViewController.swift */; };
		B26C1B6A26FE56B900D1EEAE /* ChooseTopicViewController.swift in Sources */ = {isa = PBXBuildFile; fileRef = B26C1B6926FE56B900D1EEAE /* ChooseTopicViewController.swift */; };
		B26C1B6D26FE57E400D1EEAE /* ChooseTopicCollectionViewCell.swift in Sources */ = {isa = PBXBuildFile; fileRef = B26C1B6C26FE57E400D1EEAE /* ChooseTopicCollectionViewCell.swift */; };
		B26C1B7D26FE5E4600D1EEAE /* PinterestCollectionViewLayout.swift in Sources */ = {isa = PBXBuildFile; fileRef = B26C1B7C26FE5E4600D1EEAE /* PinterestCollectionViewLayout.swift */; };
		B26C1B8326FE7C5D00D1EEAE /* HomeStoryboard.storyboard in Resources */ = {isa = PBXBuildFile; fileRef = B26C1B8226FE7C5D00D1EEAE /* HomeStoryboard.storyboard */; };
		B26C1B9126FEC74200D1EEAE /* CustomTabBarController.swift in Sources */ = {isa = PBXBuildFile; fileRef = B26C1B9026FEC74200D1EEAE /* CustomTabBarController.swift */; };
		B26C1B9426FECD5600D1EEAE /* MediateStoryboard.storyboard in Resources */ = {isa = PBXBuildFile; fileRef = B26C1B9326FECD5500D1EEAE /* MediateStoryboard.storyboard */; };
		B26C1B9826FED30600D1EEAE /* ListDataSource.swift in Sources */ = {isa = PBXBuildFile; fileRef = B26C1B9726FED30600D1EEAE /* ListDataSource.swift */; };
		B26C1BA426FED72000D1EEAE /* ListCollectionCell.swift in Sources */ = {isa = PBXBuildFile; fileRef = B26C1BA326FED72000D1EEAE /* ListCollectionCell.swift */; };
		B2AF835126EC69DC0039C6B2 /* AppDelegate.swift in Sources */ = {isa = PBXBuildFile; fileRef = B2AF835026EC69DC0039C6B2 /* AppDelegate.swift */; };
		B2AF835526EC69DC0039C6B2 /* OnboardingViewController.swift in Sources */ = {isa = PBXBuildFile; fileRef = B2AF835426EC69DC0039C6B2 /* OnboardingViewController.swift */; };
		B2AF835A26EC69DE0039C6B2 /* Assets.xcassets in Resources */ = {isa = PBXBuildFile; fileRef = B2AF835926EC69DE0039C6B2 /* Assets.xcassets */; };
		B2AF835D26EC69DE0039C6B2 /* LaunchScreen.storyboard in Resources */ = {isa = PBXBuildFile; fileRef = B2AF835B26EC69DE0039C6B2 /* LaunchScreen.storyboard */; };
		B2B0C0B326EE469800CBD777 /* UIFont+CustomFonts.swift in Sources */ = {isa = PBXBuildFile; fileRef = B2B0C0B226EE469800CBD777 /* UIFont+CustomFonts.swift */; };
		B2B0C0B726EE46BB00CBD777 /* UIColor+CustomColors.swift in Sources */ = {isa = PBXBuildFile; fileRef = B2B0C0B626EE46BB00CBD777 /* UIColor+CustomColors.swift */; };
		B2B711A626FCED6900A0DBF0 /* MusicViewController.swift in Sources */ = {isa = PBXBuildFile; fileRef = B2B711A526FCED6900A0DBF0 /* MusicViewController.swift */; };
		B2B711AA26FCF29600A0DBF0 /* Constants.swift in Sources */ = {isa = PBXBuildFile; fileRef = B2B711A926FCF29600A0DBF0 /* Constants.swift */; };
		B2FE73D926EC6CAF000713B6 /* AppCoordinator.swift in Sources */ = {isa = PBXBuildFile; fileRef = B2FE73D826EC6CAF000713B6 /* AppCoordinator.swift */; };
/* End PBXBuildFile section */

/* Begin PBXFileReference section */
		060A43E3E55E481E6E6066CC /* Pods-SilentMoon.debug.xcconfig */ = {isa = PBXFileReference; includeInIndex = 1; lastKnownFileType = text.xcconfig; name = "Pods-SilentMoon.debug.xcconfig"; path = "Target Support Files/Pods-SilentMoon/Pods-SilentMoon.debug.xcconfig"; sourceTree = "<group>"; };
		76C1575DAAAB962EF53113AE /* Pods_SilentMoon.framework */ = {isa = PBXFileReference; explicitFileType = wrapper.framework; includeInIndex = 0; path = Pods_SilentMoon.framework; sourceTree = BUILT_PRODUCTS_DIR; };
		8B57C6F826F1D9EE000BBB6F /* UIButton+Image.swift */ = {isa = PBXFileReference; lastKnownFileType = sourcecode.swift; path = "UIButton+Image.swift"; sourceTree = "<group>"; };
		B2028F5226F847BB008A3B30 /* WelcomeSleepStoryboard.storyboard */ = {isa = PBXFileReference; lastKnownFileType = file.storyboard; path = WelcomeSleepStoryboard.storyboard; sourceTree = "<group>"; };
		B2028F5626F8C820008A3B30 /* WelcomeViewController.swift */ = {isa = PBXFileReference; lastKnownFileType = sourcecode.swift; path = WelcomeViewController.swift; sourceTree = "<group>"; };
		B2028F6826F8CF9D008A3B30 /* WelcomeStoryboard.storyboard */ = {isa = PBXFileReference; lastKnownFileType = file.storyboard; path = WelcomeStoryboard.storyboard; sourceTree = "<group>"; };
		B2028F6E26F8D2DE008A3B30 /* RemindersViewController.swift */ = {isa = PBXFileReference; lastKnownFileType = sourcecode.swift; path = RemindersViewController.swift; sourceTree = "<group>"; };
		B2028F7226F8D2F8008A3B30 /* RemindersStoryboard.storyboard */ = {isa = PBXFileReference; lastKnownFileType = file.storyboard; path = RemindersStoryboard.storyboard; sourceTree = "<group>"; };
		B216E6D926EE3B2000DDA9D5 /* R.generated.swift */ = {isa = PBXFileReference; fileEncoding = 4; lastKnownFileType = sourcecode.swift; path = R.generated.swift; sourceTree = SOURCE_ROOT; };
		B24CC03A26F783B000CA0738 /* SignUpViewController.swift */ = {isa = PBXFileReference; lastKnownFileType = sourcecode.swift; path = SignUpViewController.swift; sourceTree = "<group>"; };
		B24CC03F26F785C600CA0738 /* WelcomeSleepViewController.swift */ = {isa = PBXFileReference; lastKnownFileType = sourcecode.swift; path = WelcomeSleepViewController.swift; sourceTree = "<group>"; };
		B254D45E26EF940600C9CB82 /* SignInViewController.swift */ = {isa = PBXFileReference; lastKnownFileType = sourcecode.swift; path = SignInViewController.swift; sourceTree = "<group>"; };
		B254D47726EFA46100C9CB82 /* CustomTextField.swift */ = {isa = PBXFileReference; lastKnownFileType = sourcecode.swift; path = CustomTextField.swift; sourceTree = "<group>"; };
		B26C1B4526FE231F00D1EEAE /* SleepMusicViewController.swift */ = {isa = PBXFileReference; lastKnownFileType = sourcecode.swift; path = SleepMusicViewController.swift; sourceTree = "<group>"; };
		B26C1B4826FE24D400D1EEAE /* SleepMusicCollectionViewCell.swift */ = {isa = PBXFileReference; lastKnownFileType = sourcecode.swift; path = SleepMusicCollectionViewCell.swift; sourceTree = "<group>"; };
		B26C1B5526FE440A00D1EEAE /* TabBarCoordinator.swift */ = {isa = PBXFileReference; lastKnownFileType = sourcecode.swift; path = TabBarCoordinator.swift; sourceTree = "<group>"; };
		B26C1B5926FE446800D1EEAE /* CoordinatorProtocol.swift */ = {isa = PBXFileReference; lastKnownFileType = sourcecode.swift; path = CoordinatorProtocol.swift; sourceTree = "<group>"; };
		B26C1B5D26FE458800D1EEAE /* HomeViewController.swift */ = {isa = PBXFileReference; lastKnownFileType = sourcecode.swift; path = HomeViewController.swift; sourceTree = "<group>"; };
		B26C1B6026FE45E600D1EEAE /* SleepViewController.swift */ = {isa = PBXFileReference; lastKnownFileType = sourcecode.swift; path = SleepViewController.swift; sourceTree = "<group>"; };
		B26C1B6326FE461600D1EEAE /* MediateViewController.swift */ = {isa = PBXFileReference; lastKnownFileType = sourcecode.swift; path = MediateViewController.swift; sourceTree = "<group>"; };
		B26C1B6926FE56B900D1EEAE /* ChooseTopicViewController.swift */ = {isa = PBXFileReference; lastKnownFileType = sourcecode.swift; path = ChooseTopicViewController.swift; sourceTree = "<group>"; };
		B26C1B6C26FE57E400D1EEAE /* ChooseTopicCollectionViewCell.swift */ = {isa = PBXFileReference; lastKnownFileType = sourcecode.swift; path = ChooseTopicCollectionViewCell.swift; sourceTree = "<group>"; };
		B26C1B7C26FE5E4600D1EEAE /* PinterestCollectionViewLayout.swift */ = {isa = PBXFileReference; lastKnownFileType = sourcecode.swift; path = PinterestCollectionViewLayout.swift; sourceTree = "<group>"; };
		B26C1B8226FE7C5D00D1EEAE /* HomeStoryboard.storyboard */ = {isa = PBXFileReference; lastKnownFileType = file.storyboard; path = HomeStoryboard.storyboard; sourceTree = "<group>"; };
		B26C1B9026FEC74200D1EEAE /* CustomTabBarController.swift */ = {isa = PBXFileReference; lastKnownFileType = sourcecode.swift; path = CustomTabBarController.swift; sourceTree = "<group>"; };
		B26C1B9326FECD5500D1EEAE /* MediateStoryboard.storyboard */ = {isa = PBXFileReference; lastKnownFileType = file.storyboard; path = MediateStoryboard.storyboard; sourceTree = "<group>"; };
		B26C1B9726FED30600D1EEAE /* ListDataSource.swift */ = {isa = PBXFileReference; lastKnownFileType = sourcecode.swift; path = ListDataSource.swift; sourceTree = "<group>"; };
		B26C1BA326FED72000D1EEAE /* ListCollectionCell.swift */ = {isa = PBXFileReference; lastKnownFileType = sourcecode.swift; path = ListCollectionCell.swift; sourceTree = "<group>"; };
		B2AF834D26EC69DC0039C6B2 /* SilentMoon.app */ = {isa = PBXFileReference; explicitFileType = wrapper.application; includeInIndex = 0; path = SilentMoon.app; sourceTree = BUILT_PRODUCTS_DIR; };
		B2AF835026EC69DC0039C6B2 /* AppDelegate.swift */ = {isa = PBXFileReference; lastKnownFileType = sourcecode.swift; path = AppDelegate.swift; sourceTree = "<group>"; };
		B2AF835426EC69DC0039C6B2 /* OnboardingViewController.swift */ = {isa = PBXFileReference; lastKnownFileType = sourcecode.swift; path = OnboardingViewController.swift; sourceTree = "<group>"; };
		B2AF835926EC69DE0039C6B2 /* Assets.xcassets */ = {isa = PBXFileReference; lastKnownFileType = folder.assetcatalog; path = Assets.xcassets; sourceTree = "<group>"; };
		B2AF835C26EC69DE0039C6B2 /* Base */ = {isa = PBXFileReference; lastKnownFileType = file.storyboard; name = Base; path = Base.lproj/LaunchScreen.storyboard; sourceTree = "<group>"; };
		B2AF835E26EC69DE0039C6B2 /* Info.plist */ = {isa = PBXFileReference; lastKnownFileType = text.plist.xml; path = Info.plist; sourceTree = "<group>"; };
		B2B0C0B226EE469800CBD777 /* UIFont+CustomFonts.swift */ = {isa = PBXFileReference; lastKnownFileType = sourcecode.swift; path = "UIFont+CustomFonts.swift"; sourceTree = "<group>"; };
		B2B0C0B626EE46BB00CBD777 /* UIColor+CustomColors.swift */ = {isa = PBXFileReference; lastKnownFileType = sourcecode.swift; path = "UIColor+CustomColors.swift"; sourceTree = "<group>"; };
		B2B711A526FCED6900A0DBF0 /* MusicViewController.swift */ = {isa = PBXFileReference; lastKnownFileType = sourcecode.swift; path = MusicViewController.swift; sourceTree = "<group>"; };
		B2B711A926FCF29600A0DBF0 /* Constants.swift */ = {isa = PBXFileReference; lastKnownFileType = sourcecode.swift; path = Constants.swift; sourceTree = "<group>"; };
		B2FE73D826EC6CAF000713B6 /* AppCoordinator.swift */ = {isa = PBXFileReference; lastKnownFileType = sourcecode.swift; path = AppCoordinator.swift; sourceTree = "<group>"; };
		FE2551E072B3A3323164BF39 /* Pods-SilentMoon.release.xcconfig */ = {isa = PBXFileReference; includeInIndex = 1; lastKnownFileType = text.xcconfig; name = "Pods-SilentMoon.release.xcconfig"; path = "Target Support Files/Pods-SilentMoon/Pods-SilentMoon.release.xcconfig"; sourceTree = "<group>"; };
/* End PBXFileReference section */

/* Begin PBXFrameworksBuildPhase section */
		B2AF834A26EC69DC0039C6B2 /* Frameworks */ = {
			isa = PBXFrameworksBuildPhase;
			buildActionMask = 2147483647;
			files = (
				921CF3DA39855BD16734E2BA /* Pods_SilentMoon.framework in Frameworks */,
			);
			runOnlyForDeploymentPostprocessing = 0;
		};
/* End PBXFrameworksBuildPhase section */

/* Begin PBXGroup section */
		9C6FF2B3C01522ADFCA3340A /* Frameworks */ = {
			isa = PBXGroup;
			children = (
				76C1575DAAAB962EF53113AE /* Pods_SilentMoon.framework */,
			);
			name = Frameworks;
			sourceTree = "<group>";
		};
		B2028F5526F8C809008A3B30 /* Welcome */ = {
			isa = PBXGroup;
			children = (
				B2028F5626F8C820008A3B30 /* WelcomeViewController.swift */,
				B2028F6826F8CF9D008A3B30 /* WelcomeStoryboard.storyboard */,
			);
			path = Welcome;
			sourceTree = "<group>";
		};
		B2028F6D26F8D2BF008A3B30 /* Reminders */ = {
			isa = PBXGroup;
			children = (
				B2028F6E26F8D2DE008A3B30 /* RemindersViewController.swift */,
				B2028F7226F8D2F8008A3B30 /* RemindersStoryboard.storyboard */,
			);
			path = Reminders;
			sourceTree = "<group>";
		};
		B24CC03926F7839100CA0738 /* SignUp */ = {
			isa = PBXGroup;
			children = (
				B24CC03A26F783B000CA0738 /* SignUpViewController.swift */,
			);
			path = SignUp;
			sourceTree = "<group>";
		};
		B24CC03E26F7855D00CA0738 /* WelcomeSleep */ = {
			isa = PBXGroup;
			children = (
				B24CC03F26F785C600CA0738 /* WelcomeSleepViewController.swift */,
				B2028F5226F847BB008A3B30 /* WelcomeSleepStoryboard.storyboard */,
			);
			path = WelcomeSleep;
			sourceTree = "<group>";
		};
		B254D45D26EF93F000C9CB82 /* SignIn */ = {
			isa = PBXGroup;
			children = (
				B254D45E26EF940600C9CB82 /* SignInViewController.swift */,
			);
			path = SignIn;
			sourceTree = "<group>";
		};
		B254D47626EFA44F00C9CB82 /* Components */ = {
			isa = PBXGroup;
			children = (
				B26C1B8526FEA8FD00D1EEAE /* CollectionViewCell */,
				B254D47726EFA46100C9CB82 /* CustomTextField.swift */,
				B26C1B9026FEC74200D1EEAE /* CustomTabBarController.swift */,
			);
			path = Components;
			sourceTree = "<group>";
		};
		B26C1B3E26FE222500D1EEAE /* SleepMusic */ = {
			isa = PBXGroup;
			children = (
				B26C1B4526FE231F00D1EEAE /* SleepMusicViewController.swift */,
			);
			path = SleepMusic;
			sourceTree = "<group>";
		};
		B26C1B3F26FE222F00D1EEAE /* PlayOption */ = {
			isa = PBXGroup;
			children = (
			);
			path = PlayOption;
			sourceTree = "<group>";
		};
		B26C1B4026FE223900D1EEAE /* Sleep */ = {
			isa = PBXGroup;
			children = (
				B26C1B6026FE45E600D1EEAE /* SleepViewController.swift */,
			);
			path = Sleep;
			sourceTree = "<group>";
		};
		B26C1B4126FE224800D1EEAE /* ChooseTopic */ = {
			isa = PBXGroup;
			children = (
				B26C1B6926FE56B900D1EEAE /* ChooseTopicViewController.swift */,
				B26C1B6C26FE57E400D1EEAE /* ChooseTopicCollectionViewCell.swift */,
				B26C1B7C26FE5E4600D1EEAE /* PinterestCollectionViewLayout.swift */,
			);
			path = ChooseTopic;
			sourceTree = "<group>";
		};
		B26C1B4226FE225900D1EEAE /* CourseDetails */ = {
			isa = PBXGroup;
			children = (
			);
			path = CourseDetails;
			sourceTree = "<group>";
		};
		B26C1B4326FE227A00D1EEAE /* MeditateV2 */ = {
			isa = PBXGroup;
			children = (
				B26C1B6326FE461600D1EEAE /* MediateViewController.swift */,
				B26C1B9326FECD5500D1EEAE /* MediateStoryboard.storyboard */,
				B26C1B9726FED30600D1EEAE /* ListDataSource.swift */,
				B26C1BA326FED72000D1EEAE /* ListCollectionCell.swift */,
			);
			path = MeditateV2;
			sourceTree = "<group>";
		};
		B26C1B4426FE228C00D1EEAE /* Home */ = {
			isa = PBXGroup;
			children = (
				B26C1B5D26FE458800D1EEAE /* HomeViewController.swift */,
				B26C1B8226FE7C5D00D1EEAE /* HomeStoryboard.storyboard */,
			);
			path = Home;
			sourceTree = "<group>";
		};
		B26C1B5426FE3C4100D1EEAE /* TabBar */ = {
			isa = PBXGroup;
			children = (
				B26C1B5526FE440A00D1EEAE /* TabBarCoordinator.swift */,
			);
			path = TabBar;
			sourceTree = "<group>";
		};
		B26C1B5826FE445900D1EEAE /* Protocols */ = {
			isa = PBXGroup;
			children = (
				B26C1B5926FE446800D1EEAE /* CoordinatorProtocol.swift */,
			);
			path = Protocols;
			sourceTree = "<group>";
		};
		B26C1B8526FEA8FD00D1EEAE /* CollectionViewCell */ = {
			isa = PBXGroup;
			children = (
				B26C1B4826FE24D400D1EEAE /* SleepMusicCollectionViewCell.swift */,
			);
			path = CollectionViewCell;
			sourceTree = "<group>";
		};
		B2AF834426EC69DC0039C6B2 = {
			isa = PBXGroup;
			children = (
				B2AF834F26EC69DC0039C6B2 /* SilentMoon */,
				B2AF834E26EC69DC0039C6B2 /* Products */,
				D37B87B42B36902BA2C09633 /* Pods */,
				9C6FF2B3C01522ADFCA3340A /* Frameworks */,
			);
			sourceTree = "<group>";
		};
		B2AF834E26EC69DC0039C6B2 /* Products */ = {
			isa = PBXGroup;
			children = (
				B2AF834D26EC69DC0039C6B2 /* SilentMoon.app */,
			);
			name = Products;
			sourceTree = "<group>";
		};
		B2AF834F26EC69DC0039C6B2 /* SilentMoon */ = {
			isa = PBXGroup;
			children = (
				B2FE73CC26EC6ADD000713B6 /* Resources */,
				B2FE73CA26EC6AD4000713B6 /* Sources */,
				B2AF835926EC69DE0039C6B2 /* Assets.xcassets */,
				B2AF835B26EC69DE0039C6B2 /* LaunchScreen.storyboard */,
				B2AF835E26EC69DE0039C6B2 /* Info.plist */,
			);
			path = SilentMoon;
			sourceTree = "<group>";
		};
		B2B0C0B126EE467B00CBD777 /* Extensions */ = {
			isa = PBXGroup;
			children = (
				B2B0C0B226EE469800CBD777 /* UIFont+CustomFonts.swift */,
				B2B0C0B626EE46BB00CBD777 /* UIColor+CustomColors.swift */,
				8B57C6F826F1D9EE000BBB6F /* UIButton+Image.swift */,
			);
			path = Extensions;
			sourceTree = "<group>";
		};
		B2B711A326FCE33600A0DBF0 /* Music */ = {
			isa = PBXGroup;
			children = (
				B2B711A526FCED6900A0DBF0 /* MusicViewController.swift */,
			);
			path = Music;
			sourceTree = "<group>";
		};
		B2B711A826FCF28500A0DBF0 /* Entities */ = {
			isa = PBXGroup;
			children = (
				B2B711A926FCF29600A0DBF0 /* Constants.swift */,
			);
			path = Entities;
			sourceTree = "<group>";
		};
		B2FE73CA26EC6AD4000713B6 /* Sources */ = {
			isa = PBXGroup;
			children = (
				B26C1B5826FE445900D1EEAE /* Protocols */,
				B2B711A826FCF28500A0DBF0 /* Entities */,
				B2B0C0B126EE467B00CBD777 /* Extensions */,
				B2FE73D726EC6C83000713B6 /* Application */,
				B2FE73E626EE3835000713B6 /* Modules */,
			);
			path = Sources;
			sourceTree = "<group>";
		};
		B2FE73CC26EC6ADD000713B6 /* Resources */ = {
			isa = PBXGroup;
			children = (
				B216E6D926EE3B2000DDA9D5 /* R.generated.swift */,
			);
			path = Resources;
			sourceTree = "<group>";
		};
		B2FE73CD26EC6B1F000713B6 /* Onboarding */ = {
			isa = PBXGroup;
			children = (
				B2AF835426EC69DC0039C6B2 /* OnboardingViewController.swift */,
			);
			path = Onboarding;
			sourceTree = "<group>";
		};
		B2FE73D726EC6C83000713B6 /* Application */ = {
			isa = PBXGroup;
			children = (
				B2AF835026EC69DC0039C6B2 /* AppDelegate.swift */,
				B2FE73D826EC6CAF000713B6 /* AppCoordinator.swift */,
			);
			path = Application;
			sourceTree = "<group>";
		};
		B2FE73E626EE3835000713B6 /* Modules */ = {
			isa = PBXGroup;
			children = (
				B26C1B5426FE3C4100D1EEAE /* TabBar */,
				B26C1B4426FE228C00D1EEAE /* Home */,
				B26C1B4326FE227A00D1EEAE /* MeditateV2 */,
				B26C1B4226FE225900D1EEAE /* CourseDetails */,
				B26C1B4126FE224800D1EEAE /* ChooseTopic */,
				B26C1B4026FE223900D1EEAE /* Sleep */,
				B26C1B3F26FE222F00D1EEAE /* PlayOption */,
				B26C1B3E26FE222500D1EEAE /* SleepMusic */,
				B2B711A326FCE33600A0DBF0 /* Music */,
				B2028F6D26F8D2BF008A3B30 /* Reminders */,
				B2028F5526F8C809008A3B30 /* Welcome */,
				B24CC03E26F7855D00CA0738 /* WelcomeSleep */,
				B254D47626EFA44F00C9CB82 /* Components */,
				B2FE73CD26EC6B1F000713B6 /* Onboarding */,
				B254D45D26EF93F000C9CB82 /* SignIn */,
				B24CC03926F7839100CA0738 /* SignUp */,
			);
			path = Modules;
			sourceTree = "<group>";
		};
		D37B87B42B36902BA2C09633 /* Pods */ = {
			isa = PBXGroup;
			children = (
				060A43E3E55E481E6E6066CC /* Pods-SilentMoon.debug.xcconfig */,
				FE2551E072B3A3323164BF39 /* Pods-SilentMoon.release.xcconfig */,
			);
			path = Pods;
			sourceTree = "<group>";
		};
/* End PBXGroup section */

/* Begin PBXNativeTarget section */
		B2AF834C26EC69DC0039C6B2 /* SilentMoon */ = {
			isa = PBXNativeTarget;
			buildConfigurationList = B2AF836126EC69DE0039C6B2 /* Build configuration list for PBXNativeTarget "SilentMoon" */;
			buildPhases = (
				52902C512CCAC56920C70EA2 /* [CP] Check Pods Manifest.lock */,
				B216E6D626EE3A5100DDA9D5 /* SwiftLint */,
				B216E6D726EE3A5E00DDA9D5 /* R.swift */,
				B2AF834926EC69DC0039C6B2 /* Sources */,
				B2AF834A26EC69DC0039C6B2 /* Frameworks */,
				B2AF834B26EC69DC0039C6B2 /* Resources */,
				95C998DF0E3E0942D1956650 /* [CP] Embed Pods Frameworks */,
			);
			buildRules = (
			);
			dependencies = (
			);
			name = SilentMoon;
			productName = SilentMoon;
			productReference = B2AF834D26EC69DC0039C6B2 /* SilentMoon.app */;
			productType = "com.apple.product-type.application";
		};
/* End PBXNativeTarget section */

/* Begin PBXProject section */
		B2AF834526EC69DC0039C6B2 /* Project object */ = {
			isa = PBXProject;
			attributes = {
				LastSwiftUpdateCheck = 1220;
				LastUpgradeCheck = 1220;
				TargetAttributes = {
					B2AF834C26EC69DC0039C6B2 = {
						CreatedOnToolsVersion = 12.2;
					};
				};
			};
			buildConfigurationList = B2AF834826EC69DC0039C6B2 /* Build configuration list for PBXProject "SilentMoon" */;
			compatibilityVersion = "Xcode 9.3";
			developmentRegion = en;
			hasScannedForEncodings = 0;
			knownRegions = (
				en,
				Base,
			);
			mainGroup = B2AF834426EC69DC0039C6B2;
			productRefGroup = B2AF834E26EC69DC0039C6B2 /* Products */;
			projectDirPath = "";
			projectRoot = "";
			targets = (
				B2AF834C26EC69DC0039C6B2 /* SilentMoon */,
			);
		};
/* End PBXProject section */

/* Begin PBXResourcesBuildPhase section */
		B2AF834B26EC69DC0039C6B2 /* Resources */ = {
			isa = PBXResourcesBuildPhase;
			buildActionMask = 2147483647;
			files = (
				B26C1B9426FECD5600D1EEAE /* MediateStoryboard.storyboard in Resources */,
				B2028F6926F8CF9D008A3B30 /* WelcomeStoryboard.storyboard in Resources */,
				B2028F7326F8D2F8008A3B30 /* RemindersStoryboard.storyboard in Resources */,
				B26C1B8326FE7C5D00D1EEAE /* HomeStoryboard.storyboard in Resources */,
				B2AF835D26EC69DE0039C6B2 /* LaunchScreen.storyboard in Resources */,
				B2AF835A26EC69DE0039C6B2 /* Assets.xcassets in Resources */,
				B2028F5326F847BB008A3B30 /* WelcomeSleepStoryboard.storyboard in Resources */,
			);
			runOnlyForDeploymentPostprocessing = 0;
		};
/* End PBXResourcesBuildPhase section */

/* Begin PBXShellScriptBuildPhase section */
		52902C512CCAC56920C70EA2 /* [CP] Check Pods Manifest.lock */ = {
			isa = PBXShellScriptBuildPhase;
			buildActionMask = 2147483647;
			files = (
			);
			inputFileListPaths = (
			);
			inputPaths = (
				"${PODS_PODFILE_DIR_PATH}/Podfile.lock",
				"${PODS_ROOT}/Manifest.lock",
			);
			name = "[CP] Check Pods Manifest.lock";
			outputFileListPaths = (
			);
			outputPaths = (
				"$(DERIVED_FILE_DIR)/Pods-SilentMoon-checkManifestLockResult.txt",
			);
			runOnlyForDeploymentPostprocessing = 0;
			shellPath = /bin/sh;
			shellScript = "diff \"${PODS_PODFILE_DIR_PATH}/Podfile.lock\" \"${PODS_ROOT}/Manifest.lock\" > /dev/null\nif [ $? != 0 ] ; then\n    # print error to STDERR\n    echo \"error: The sandbox is not in sync with the Podfile.lock. Run 'pod install' or update your CocoaPods installation.\" >&2\n    exit 1\nfi\n# This output is used by Xcode 'outputs' to avoid re-running this script phase.\necho \"SUCCESS\" > \"${SCRIPT_OUTPUT_FILE_0}\"\n";
			showEnvVarsInLog = 0;
		};
		95C998DF0E3E0942D1956650 /* [CP] Embed Pods Frameworks */ = {
			isa = PBXShellScriptBuildPhase;
			buildActionMask = 2147483647;
			files = (
			);
			inputFileListPaths = (
				"${PODS_ROOT}/Target Support Files/Pods-SilentMoon/Pods-SilentMoon-frameworks-${CONFIGURATION}-input-files.xcfilelist",
			);
			name = "[CP] Embed Pods Frameworks";
			outputFileListPaths = (
				"${PODS_ROOT}/Target Support Files/Pods-SilentMoon/Pods-SilentMoon-frameworks-${CONFIGURATION}-output-files.xcfilelist",
			);
			runOnlyForDeploymentPostprocessing = 0;
			shellPath = /bin/sh;
			shellScript = "\"${PODS_ROOT}/Target Support Files/Pods-SilentMoon/Pods-SilentMoon-frameworks.sh\"\n";
			showEnvVarsInLog = 0;
		};
		B216E6D626EE3A5100DDA9D5 /* SwiftLint */ = {
			isa = PBXShellScriptBuildPhase;
			buildActionMask = 2147483647;
			files = (
			);
			inputFileListPaths = (
			);
			inputPaths = (
			);
			name = SwiftLint;
			outputFileListPaths = (
			);
			outputPaths = (
			);
			runOnlyForDeploymentPostprocessing = 0;
			shellPath = /bin/sh;
			shellScript = "# Type a script or drag a script file from your workspace to insert its path.\n\"${PODS_ROOT}/SwiftLint/swiftlint\"\n";
		};
		B216E6D726EE3A5E00DDA9D5 /* R.swift */ = {
			isa = PBXShellScriptBuildPhase;
			buildActionMask = 2147483647;
			files = (
			);
			inputFileListPaths = (
			);
			inputPaths = (
				"$TEMP_DIR/rswift-lastrun",
			);
			name = R.swift;
			outputFileListPaths = (
			);
			outputPaths = (
				$SRCROOT/R.generated.swift,
			);
			runOnlyForDeploymentPostprocessing = 0;
			shellPath = /bin/sh;
			shellScript = "# Type a script or drag a script file from your workspace to insert its path.\n\"$PODS_ROOT/R.swift/rswift\" generate \"$SRCROOT/R.generated.swift\"\n";
		};
/* End PBXShellScriptBuildPhase section */

/* Begin PBXSourcesBuildPhase section */
		B2AF834926EC69DC0039C6B2 /* Sources */ = {
			isa = PBXSourcesBuildPhase;
			buildActionMask = 2147483647;
			files = (
				B26C1B6D26FE57E400D1EEAE /* ChooseTopicCollectionViewCell.swift in Sources */,
				B2FE73D926EC6CAF000713B6 /* AppCoordinator.swift in Sources */,
				B26C1B6A26FE56B900D1EEAE /* ChooseTopicViewController.swift in Sources */,
				B2AF835526EC69DC0039C6B2 /* OnboardingViewController.swift in Sources */,
				B26C1B4626FE231F00D1EEAE /* SleepMusicViewController.swift in Sources */,
				B216E6DA26EE3B2000DDA9D5 /* R.generated.swift in Sources */,
				B2B0C0B726EE46BB00CBD777 /* UIColor+CustomColors.swift in Sources */,
				B26C1BA426FED72000D1EEAE /* ListCollectionCell.swift in Sources */,
				B2AF835126EC69DC0039C6B2 /* AppDelegate.swift in Sources */,
				B24CC03B26F783B000CA0738 /* SignUpViewController.swift in Sources */,
				B2B711A626FCED6900A0DBF0 /* MusicViewController.swift in Sources */,
				B26C1B9126FEC74200D1EEAE /* CustomTabBarController.swift in Sources */,
				B2B711AA26FCF29600A0DBF0 /* Constants.swift in Sources */,
				B26C1B6126FE45E600D1EEAE /* SleepViewController.swift in Sources */,
				8B57C6F926F1D9EE000BBB6F /* UIButton+Image.swift in Sources */,
				B26C1B4926FE24D400D1EEAE /* SleepMusicCollectionViewCell.swift in Sources */,
				B254D45F26EF940600C9CB82 /* SignInViewController.swift in Sources */,
				B2B0C0B326EE469800CBD777 /* UIFont+CustomFonts.swift in Sources */,
				B26C1B5A26FE446800D1EEAE /* CoordinatorProtocol.swift in Sources */,
				B24CC04026F785C600CA0738 /* WelcomeSleepViewController.swift in Sources */,
				B26C1B5E26FE458800D1EEAE /* HomeViewController.swift in Sources */,
				B26C1B7D26FE5E4600D1EEAE /* PinterestCollectionViewLayout.swift in Sources */,
				B26C1B5626FE440A00D1EEAE /* TabBarCoordinator.swift in Sources */,
				B26C1B9826FED30600D1EEAE /* ListDataSource.swift in Sources */,
				B26C1B6426FE461600D1EEAE /* MediateViewController.swift in Sources */,
				B254D47826EFA46100C9CB82 /* CustomTextField.swift in Sources */,
				B2028F5726F8C820008A3B30 /* WelcomeViewController.swift in Sources */,
				B2028F6F26F8D2DE008A3B30 /* RemindersViewController.swift in Sources */,
			);
			runOnlyForDeploymentPostprocessing = 0;
		};
/* End PBXSourcesBuildPhase section */

/* Begin PBXVariantGroup section */
		B2AF835B26EC69DE0039C6B2 /* LaunchScreen.storyboard */ = {
			isa = PBXVariantGroup;
			children = (
				B2AF835C26EC69DE0039C6B2 /* Base */,
			);
			name = LaunchScreen.storyboard;
			sourceTree = "<group>";
		};
/* End PBXVariantGroup section */

/* Begin XCBuildConfiguration section */
		B2AF835F26EC69DE0039C6B2 /* Debug */ = {
			isa = XCBuildConfiguration;
			buildSettings = {
				ALWAYS_SEARCH_USER_PATHS = NO;
				CLANG_ANALYZER_NONNULL = YES;
				CLANG_ANALYZER_NUMBER_OBJECT_CONVERSION = YES_AGGRESSIVE;
				CLANG_CXX_LANGUAGE_STANDARD = "gnu++14";
				CLANG_CXX_LIBRARY = "libc++";
				CLANG_ENABLE_MODULES = YES;
				CLANG_ENABLE_OBJC_ARC = YES;
				CLANG_ENABLE_OBJC_WEAK = YES;
				CLANG_WARN_BLOCK_CAPTURE_AUTORELEASING = YES;
				CLANG_WARN_BOOL_CONVERSION = YES;
				CLANG_WARN_COMMA = YES;
				CLANG_WARN_CONSTANT_CONVERSION = YES;
				CLANG_WARN_DEPRECATED_OBJC_IMPLEMENTATIONS = YES;
				CLANG_WARN_DIRECT_OBJC_ISA_USAGE = YES_ERROR;
				CLANG_WARN_DOCUMENTATION_COMMENTS = YES;
				CLANG_WARN_EMPTY_BODY = YES;
				CLANG_WARN_ENUM_CONVERSION = YES;
				CLANG_WARN_INFINITE_RECURSION = YES;
				CLANG_WARN_INT_CONVERSION = YES;
				CLANG_WARN_NON_LITERAL_NULL_CONVERSION = YES;
				CLANG_WARN_OBJC_IMPLICIT_RETAIN_SELF = YES;
				CLANG_WARN_OBJC_LITERAL_CONVERSION = YES;
				CLANG_WARN_OBJC_ROOT_CLASS = YES_ERROR;
				CLANG_WARN_QUOTED_INCLUDE_IN_FRAMEWORK_HEADER = YES;
				CLANG_WARN_RANGE_LOOP_ANALYSIS = YES;
				CLANG_WARN_STRICT_PROTOTYPES = YES;
				CLANG_WARN_SUSPICIOUS_MOVE = YES;
				CLANG_WARN_UNGUARDED_AVAILABILITY = YES_AGGRESSIVE;
				CLANG_WARN_UNREACHABLE_CODE = YES;
				CLANG_WARN__DUPLICATE_METHOD_MATCH = YES;
				COPY_PHASE_STRIP = NO;
				DEBUG_INFORMATION_FORMAT = dwarf;
				ENABLE_STRICT_OBJC_MSGSEND = YES;
				ENABLE_TESTABILITY = YES;
				GCC_C_LANGUAGE_STANDARD = gnu11;
				GCC_DYNAMIC_NO_PIC = NO;
				GCC_NO_COMMON_BLOCKS = YES;
				GCC_OPTIMIZATION_LEVEL = 0;
				GCC_PREPROCESSOR_DEFINITIONS = (
					"DEBUG=1",
					"$(inherited)",
				);
				GCC_WARN_64_TO_32_BIT_CONVERSION = YES;
				GCC_WARN_ABOUT_RETURN_TYPE = YES_ERROR;
				GCC_WARN_UNDECLARED_SELECTOR = YES;
				GCC_WARN_UNINITIALIZED_AUTOS = YES_AGGRESSIVE;
				GCC_WARN_UNUSED_FUNCTION = YES;
				GCC_WARN_UNUSED_VARIABLE = YES;
				IPHONEOS_DEPLOYMENT_TARGET = 12.0;
				MTL_ENABLE_DEBUG_INFO = INCLUDE_SOURCE;
				MTL_FAST_MATH = YES;
				ONLY_ACTIVE_ARCH = YES;
				SDKROOT = iphoneos;
				SWIFT_ACTIVE_COMPILATION_CONDITIONS = DEBUG;
				SWIFT_OPTIMIZATION_LEVEL = "-Onone";
			};
			name = Debug;
		};
		B2AF836026EC69DE0039C6B2 /* Release */ = {
			isa = XCBuildConfiguration;
			buildSettings = {
				ALWAYS_SEARCH_USER_PATHS = NO;
				CLANG_ANALYZER_NONNULL = YES;
				CLANG_ANALYZER_NUMBER_OBJECT_CONVERSION = YES_AGGRESSIVE;
				CLANG_CXX_LANGUAGE_STANDARD = "gnu++14";
				CLANG_CXX_LIBRARY = "libc++";
				CLANG_ENABLE_MODULES = YES;
				CLANG_ENABLE_OBJC_ARC = YES;
				CLANG_ENABLE_OBJC_WEAK = YES;
				CLANG_WARN_BLOCK_CAPTURE_AUTORELEASING = YES;
				CLANG_WARN_BOOL_CONVERSION = YES;
				CLANG_WARN_COMMA = YES;
				CLANG_WARN_CONSTANT_CONVERSION = YES;
				CLANG_WARN_DEPRECATED_OBJC_IMPLEMENTATIONS = YES;
				CLANG_WARN_DIRECT_OBJC_ISA_USAGE = YES_ERROR;
				CLANG_WARN_DOCUMENTATION_COMMENTS = YES;
				CLANG_WARN_EMPTY_BODY = YES;
				CLANG_WARN_ENUM_CONVERSION = YES;
				CLANG_WARN_INFINITE_RECURSION = YES;
				CLANG_WARN_INT_CONVERSION = YES;
				CLANG_WARN_NON_LITERAL_NULL_CONVERSION = YES;
				CLANG_WARN_OBJC_IMPLICIT_RETAIN_SELF = YES;
				CLANG_WARN_OBJC_LITERAL_CONVERSION = YES;
				CLANG_WARN_OBJC_ROOT_CLASS = YES_ERROR;
				CLANG_WARN_QUOTED_INCLUDE_IN_FRAMEWORK_HEADER = YES;
				CLANG_WARN_RANGE_LOOP_ANALYSIS = YES;
				CLANG_WARN_STRICT_PROTOTYPES = YES;
				CLANG_WARN_SUSPICIOUS_MOVE = YES;
				CLANG_WARN_UNGUARDED_AVAILABILITY = YES_AGGRESSIVE;
				CLANG_WARN_UNREACHABLE_CODE = YES;
				CLANG_WARN__DUPLICATE_METHOD_MATCH = YES;
				COPY_PHASE_STRIP = NO;
				DEBUG_INFORMATION_FORMAT = "dwarf-with-dsym";
				ENABLE_NS_ASSERTIONS = NO;
				ENABLE_STRICT_OBJC_MSGSEND = YES;
				GCC_C_LANGUAGE_STANDARD = gnu11;
				GCC_NO_COMMON_BLOCKS = YES;
				GCC_WARN_64_TO_32_BIT_CONVERSION = YES;
				GCC_WARN_ABOUT_RETURN_TYPE = YES_ERROR;
				GCC_WARN_UNDECLARED_SELECTOR = YES;
				GCC_WARN_UNINITIALIZED_AUTOS = YES_AGGRESSIVE;
				GCC_WARN_UNUSED_FUNCTION = YES;
				GCC_WARN_UNUSED_VARIABLE = YES;
				IPHONEOS_DEPLOYMENT_TARGET = 12.0;
				MTL_ENABLE_DEBUG_INFO = NO;
				MTL_FAST_MATH = YES;
				SDKROOT = iphoneos;
				SWIFT_COMPILATION_MODE = wholemodule;
				SWIFT_OPTIMIZATION_LEVEL = "-O";
				VALIDATE_PRODUCT = YES;
			};
			name = Release;
		};
		B2AF836226EC69DE0039C6B2 /* Debug */ = {
			isa = XCBuildConfiguration;
			baseConfigurationReference = 060A43E3E55E481E6E6066CC /* Pods-SilentMoon.debug.xcconfig */;
			buildSettings = {
				ASSETCATALOG_COMPILER_APPICON_NAME = AppIcon;
				ASSETCATALOG_COMPILER_GLOBAL_ACCENT_COLOR_NAME = AccentColor;
				CODE_SIGN_STYLE = Automatic;
				DEVELOPMENT_TEAM = S9V323B2TN;
				INFOPLIST_FILE = SilentMoon/Info.plist;
				IPHONEOS_DEPLOYMENT_TARGET = 12.0;
				LD_RUNPATH_SEARCH_PATHS = (
					"$(inherited)",
					"@executable_path/Frameworks",
				);
				PRODUCT_BUNDLE_IDENTIFIER = almatkulbaev.SilentMoon;
				PRODUCT_NAME = "$(TARGET_NAME)";
				SWIFT_VERSION = 5.0;
				TARGETED_DEVICE_FAMILY = "1,2";
			};
			name = Debug;
		};
		B2AF836326EC69DE0039C6B2 /* Release */ = {
			isa = XCBuildConfiguration;
			baseConfigurationReference = FE2551E072B3A3323164BF39 /* Pods-SilentMoon.release.xcconfig */;
			buildSettings = {
				ASSETCATALOG_COMPILER_APPICON_NAME = AppIcon;
				ASSETCATALOG_COMPILER_GLOBAL_ACCENT_COLOR_NAME = AccentColor;
				CODE_SIGN_STYLE = Automatic;
				DEVELOPMENT_TEAM = S9V323B2TN;
				INFOPLIST_FILE = SilentMoon/Info.plist;
				IPHONEOS_DEPLOYMENT_TARGET = 12.0;
				LD_RUNPATH_SEARCH_PATHS = (
					"$(inherited)",
					"@executable_path/Frameworks",
				);
				PRODUCT_BUNDLE_IDENTIFIER = almatkulbaev.SilentMoon;
				PRODUCT_NAME = "$(TARGET_NAME)";
				SWIFT_VERSION = 5.0;
				TARGETED_DEVICE_FAMILY = "1,2";
			};
			name = Release;
		};
/* End XCBuildConfiguration section */

/* Begin XCConfigurationList section */
		B2AF834826EC69DC0039C6B2 /* Build configuration list for PBXProject "SilentMoon" */ = {
			isa = XCConfigurationList;
			buildConfigurations = (
				B2AF835F26EC69DE0039C6B2 /* Debug */,
				B2AF836026EC69DE0039C6B2 /* Release */,
			);
			defaultConfigurationIsVisible = 0;
			defaultConfigurationName = Release;
		};
		B2AF836126EC69DE0039C6B2 /* Build configuration list for PBXNativeTarget "SilentMoon" */ = {
			isa = XCConfigurationList;
			buildConfigurations = (
				B2AF836226EC69DE0039C6B2 /* Debug */,
				B2AF836326EC69DE0039C6B2 /* Release */,
			);
			defaultConfigurationIsVisible = 0;
			defaultConfigurationName = Release;
		};
/* End XCConfigurationList section */
	};
	rootObject = B2AF834526EC69DC0039C6B2 /* Project object */;
}
